
Microsoft Visual Studio Solution File, Format Version 12.00
# Visual Studio Version 17
VisualStudioVersion = 17.5.33530.505
MinimumVisualStudioVersion = 10.0.40219.1
Project("{FAE04EC0-301F-11D3-BF4B-00C04F79EFBC}") = "WebGetter", "WebGetter.csproj", "{F185955E-F105-4300-A02D-F74B55DD4053}"
EndProject
Global
	GlobalSection(SolutionConfigurationPlatforms) = preSolution
		Debug|Any CPU = Debug|Any CPU
		Release|Any CPU = Release|Any CPU
	EndGlobalSection
	GlobalSection(ProjectConfigurationPlatforms) = postSolution
		{F185955E-F105-4300-A02D-F74B55DD4053}.Debug|Any CPU.ActiveCfg = Debug|Any CPU
		{F185955E-F105-4300-A02D-F74B55DD4053}.Debug|Any CPU.Build.0 = Debug|Any CPU
		{F185955E-F105-4300-A02D-F74B55DD4053}.Release|Any CPU.ActiveCfg = Release|Any CPU
		{F185955E-F105-4300-A02D-F74B55DD4053}.Release|Any CPU.Build.0 = Release|Any CPU
	EndGlobalSection
	GlobalSection(SolutionProperties) = preSolution
		HideSolutionNode = FALSE
	EndGlobalSection
	GlobalSection(ExtensibilityGlobals) = postSolution
		SolutionGuid = {BB613697-6821-4F29-A7DC-086E5762B872}
	EndGlobalSection
EndGlobal
